
Microsoft Visual Studio Solution File, Format Version 12.00
# Visual Studio Version 17
VisualStudioVersion = 17.8.34322.80
MinimumVisualStudioVersion = 10.0.40219.1
Project("{9A19103F-16F7-4668-BE54-9A1E7A4F7556}") = "AnimeCards", "AnimeCards\AnimeCards.csproj", "{0C046DB4-B02A-414F-8ED5-5A992F9A3D03}"
EndProject
Project("{9A19103F-16F7-4668-BE54-9A1E7A4F7556}") = "Entity", "Entity\Entity.csproj", "{6056171C-751F-44E5-A468-0CCB5B07210D}"
EndProject
Project("{9A19103F-16F7-4668-BE54-9A1E7A4F7556}") = "Models", "Models\Models.csproj", "{4CAE8F07-9234-451C-9A09-B04DEF9DCC17}"
EndProject
Project("{9A19103F-16F7-4668-BE54-9A1E7A4F7556}") = "Data", "Data\Data.csproj", "{2B40F5CD-2C76-40F9-87AF-4A45577B23AF}"
EndProject
Project("{9A19103F-16F7-4668-BE54-9A1E7A4F7556}") = "Business", "Business\Business.csproj", "{F7B20A3C-698F-4590-8B54-D14D80D39726}"
EndProject
Project("{9A19103F-16F7-4668-BE54-9A1E7A4F7556}") = "Common_Shared", "Common_Shared\Common_Shared.csproj", "{06E73185-5CAB-48B4-B2EB-FA8159AE8F7E}"
EndProject
Project("{9A19103F-16F7-4668-BE54-9A1E7A4F7556}") = "GrpcService", "GrpcService\GrpcService.csproj", "{B30C9D74-6A76-412D-AB88-2B473E9F9581}"
EndProject
Global
	GlobalSection(SolutionConfigurationPlatforms) = preSolution
		Debug|Any CPU = Debug|Any CPU
		Release|Any CPU = Release|Any CPU
	EndGlobalSection
	GlobalSection(ProjectConfigurationPlatforms) = postSolution
		{0C046DB4-B02A-414F-8ED5-5A992F9A3D03}.Debug|Any CPU.ActiveCfg = Debug|Any CPU
		{0C046DB4-B02A-414F-8ED5-5A992F9A3D03}.Debug|Any CPU.Build.0 = Debug|Any CPU
		{0C046DB4-B02A-414F-8ED5-5A992F9A3D03}.Release|Any CPU.ActiveCfg = Release|Any CPU
		{0C046DB4-B02A-414F-8ED5-5A992F9A3D03}.Release|Any CPU.Build.0 = Release|Any CPU
		{6056171C-751F-44E5-A468-0CCB5B07210D}.Debug|Any CPU.ActiveCfg = Debug|Any CPU
		{6056171C-751F-44E5-A468-0CCB5B07210D}.Debug|Any CPU.Build.0 = Debug|Any CPU
		{6056171C-751F-44E5-A468-0CCB5B07210D}.Release|Any CPU.ActiveCfg = Release|Any CPU
		{6056171C-751F-44E5-A468-0CCB5B07210D}.Release|Any CPU.Build.0 = Release|Any CPU
		{4CAE8F07-9234-451C-9A09-B04DEF9DCC17}.Debug|Any CPU.ActiveCfg = Debug|Any CPU
		{4CAE8F07-9234-451C-9A09-B04DEF9DCC17}.Debug|Any CPU.Build.0 = Debug|Any CPU
		{4CAE8F07-9234-451C-9A09-B04DEF9DCC17}.Release|Any CPU.ActiveCfg = Release|Any CPU
		{4CAE8F07-9234-451C-9A09-B04DEF9DCC17}.Release|Any CPU.Build.0 = Release|Any CPU
		{2B40F5CD-2C76-40F9-87AF-4A45577B23AF}.Debug|Any CPU.ActiveCfg = Debug|Any CPU
		{2B40F5CD-2C76-40F9-87AF-4A45577B23AF}.Debug|Any CPU.Build.0 = Debug|Any CPU
		{2B40F5CD-2C76-40F9-87AF-4A45577B23AF}.Release|Any CPU.ActiveCfg = Release|Any CPU
		{2B40F5CD-2C76-40F9-87AF-4A45577B23AF}.Release|Any CPU.Build.0 = Release|Any CPU
		{F7B20A3C-698F-4590-8B54-D14D80D39726}.Debug|Any CPU.ActiveCfg = Debug|Any CPU
		{F7B20A3C-698F-4590-8B54-D14D80D39726}.Debug|Any CPU.Build.0 = Debug|Any CPU
		{F7B20A3C-698F-4590-8B54-D14D80D39726}.Release|Any CPU.ActiveCfg = Release|Any CPU
		{F7B20A3C-698F-4590-8B54-D14D80D39726}.Release|Any CPU.Build.0 = Release|Any CPU
		{06E73185-5CAB-48B4-B2EB-FA8159AE8F7E}.Debug|Any CPU.ActiveCfg = Debug|Any CPU
		{06E73185-5CAB-48B4-B2EB-FA8159AE8F7E}.Debug|Any CPU.Build.0 = Debug|Any CPU
		{06E73185-5CAB-48B4-B2EB-FA8159AE8F7E}.Release|Any CPU.ActiveCfg = Release|Any CPU
		{06E73185-5CAB-48B4-B2EB-FA8159AE8F7E}.Release|Any CPU.Build.0 = Release|Any CPU
		{B30C9D74-6A76-412D-AB88-2B473E9F9581}.Debug|Any CPU.ActiveCfg = Debug|Any CPU
		{B30C9D74-6A76-412D-AB88-2B473E9F9581}.Debug|Any CPU.Build.0 = Debug|Any CPU
		{B30C9D74-6A76-412D-AB88-2B473E9F9581}.Release|Any CPU.ActiveCfg = Release|Any CPU
		{B30C9D74-6A76-412D-AB88-2B473E9F9581}.Release|Any CPU.Build.0 = Release|Any CPU
	EndGlobalSection
	GlobalSection(SolutionProperties) = preSolution
		HideSolutionNode = FALSE
	EndGlobalSection
	GlobalSection(ExtensibilityGlobals) = postSolution
		SolutionGuid = {82EB51A0-064F-4DBC-9F06-58A7D088DFDE}
	EndGlobalSection
EndGlobal
